{
  "name": "pi-perplexity-extension",
  "version": "0.1.0",
  "lockfileVersion": 3,
  "requires": true,
  "packages": {
    "": {
      "name": "pi-perplexity-extension",
      "version": "0.1.0",
      "dependencies": {
        "@perplexity-ai/perplexity_ai": "^0.27.0"
      }
    },
    "node_modules/@perplexity-ai/perplexity_ai": {
      "version": "0.27.0",
      "resolved": "https://registry.npmjs.org/@perplexity-ai/perplexity_ai/-/perplexity_ai-0.27.0.tgz",
      "integrity": "sha512-iavFLkvSjuja81lSat6+Ewq1aDcxi5kierzhfcet9t2sKlsAXS208Nf+JcXzskquZlHkana3Impn69oMNYpg/w==",
      "license": "Apache-2.0"
    }
  }
}
